dependencies:
- name: base
  repository: file://../base
  version: 0.1.0
- name: opensandbox-controller
  repository: file://../controller
  version: 0.2.1
- name: opensandbox-server
  repository: file://../server
  version: 0.1.0
- name: ingress-gateway
  repository: file://../ingress-gateway
  version: 0.1.0
- name: opensandbox-node-agent
  repository: file://../node-agent
  version: 0.1.0
- name: fast-sandbox
  repository: file://../fast-sandbox
  version: 0.1.0
digest: sha256:225385d87a91419bae7bb3889a9945527b784d3b89a31bcc09b6203f0c031803
generated: "2026-09-16T12:54:23.761199+08:00"
